{
	archiveVersion = 1;
	classes = {
	};
	objectVersion = 54;
	objects = {

/* Begin XCConfigurationList section */
		331C80DE294CF71000263BE5 /* Build configuration list for PBXNativeTarget "RunnerTests" */ = {
			isa = XCConfigurationList;
			buildConfigurations = (
				331C80DB294CF71000263BE5 /* Debug */,
				331C80DC294CF71000263BE5 /* Release */,
				331C80DD294CF71000263BE5 /* Profile */,
			);
			defaultConfigurationIsVisible = 0;
			defaultConfigurationName = Release;
		};
		33CC10E82044A3C60003C045 /* Build configuration list for PBXProject "Runner" */ = {
			isa = XCConfigurationList;
			buildConfigurations = (
				33CC10F92044A3C60003C045 /* Debug */,
				33CC10FA2044A3C60003C045 /* Release */,
				338D0CE9231458BD00FA5F75 /* Profile */,
			);
			defaultConfigurationIsVisible = 0;
			defaultConfigurationName = Release;
		};
		33CC10FB2044A3C60003C045 /* Build configuration list for PBXNativeTarget "Runner" */ = {
			isa = XCConfigurationList;
			buildConfigurations = (
				33CC10FC2044A3C60003C045 /* Debug */,
				33CC10FD2044A3C60003C045 /* Release */,
				338D0CEA231458BD00FA5F75 /* Profile */,
			);
			defaultConfigurationIsVisible = 0;
			defaultConfigurationName = Release;
		};
		33CC111B2044C6BA0003C045 /* Build configuration list for PBXAggregateTarget "Flutter Assemble" */ = {
			isa = XCConfigurationList;
			buildConfigurations = (
				33CC111C2044C6BA0003C045 /* Debug */,
				33CC111D2044C6BA0003C045 /* Release */,
				338D0CEB231458BD00FA5F75 /* Profile */,
			);
			defaultConfigurationIsVisible = 0;
			defaultConfigurationName = Release;
		};
/* End XCConfigurationList section */
	};
	rootObject = 33CC10E52044A3C60003C045 /* Project object */;
}
